// !$*UTF8*$!
{
	archiveVersion = 1;
	classes = {
	};
	objectVersion = 46;
	objects = {

/* Begin PBXBuildFile section */
		8D0BF8751E1CA20100C3B563 /* DefaultColors.swift in Sources */ = {isa = PBXBuildFile; fileRef = 8D0BF8741E1CA20100C3B563 /* DefaultColors.swift */; };
		8D0BF87D1E216AB500C3B563 /* Extensions.swift in Sources */ = {isa = PBXBuildFile; fileRef = 8D0BF87C1E216AB500C3B563 /* Extensions.swift */; };
		8D0BF8831E2D6B7400C3B563 /* Bolts.framework in Frameworks */ = {isa = PBXBuildFile; fileRef = 8D0BF87F1E2D6B7300C3B563 /* Bolts.framework */; };
		8D0BF8841E2D6B7400C3B563 /* FBSDKCoreKit.framework in Frameworks */ = {isa = PBXBuildFile; fileRef = 8D0BF8801E2D6B7300C3B563 /* FBSDKCoreKit.framework */; };
		8D0BF8851E2D6B7400C3B563 /* FBSDKLoginKit.framework in Frameworks */ = {isa = PBXBuildFile; fileRef = 8D0BF8811E2D6B7300C3B563 /* FBSDKLoginKit.framework */; };
		8D0BF8861E2D6B7400C3B563 /* FBSDKShareKit.framework in Frameworks */ = {isa = PBXBuildFile; fileRef = 8D0BF8821E2D6B7300C3B563 /* FBSDKShareKit.framework */; };
		8D0BF8881E2D721A00C3B563 /* LoginViewController.swift in Sources */ = {isa = PBXBuildFile; fileRef = 8D0BF8871E2D721A00C3B563 /* LoginViewController.swift */; };
		8D0BF88B1E2F071C00C3B563 /* CurrentUser.swift in Sources */ = {isa = PBXBuildFile; fileRef = 8D0BF88A1E2F071C00C3B563 /* CurrentUser.swift */; };
		8D4AEEB31DD5063B00127BEB /* RecipeViewController.swift in Sources */ = {isa = PBXBuildFile; fileRef = 8D4AEEB21DD5063B00127BEB /* RecipeViewController.swift */; };
		8D8402421DD4D0E7009BBA62 /* AppDelegate.swift in Sources */ = {isa = PBXBuildFile; fileRef = 8D8402411DD4D0E7009BBA62 /* AppDelegate.swift */; };
		8D8402441DD4D0E7009BBA62 /* ViewController.swift in Sources */ = {isa = PBXBuildFile; fileRef = 8D8402431DD4D0E7009BBA62 /* ViewController.swift */; };
		8D8402471DD4D0E7009BBA62 /* Main.storyboard in Resources */ = {isa = PBXBuildFile; fileRef = 8D8402451DD4D0E7009BBA62 /* Main.storyboard */; };
		8D8402491DD4D0E7009BBA62 /* Assets.xcassets in Resources */ = {isa = PBXBuildFile; fileRef = 8D8402481DD4D0E7009BBA62 /* Assets.xcassets */; };
		8D84024C1DD4D0E7009BBA62 /* LaunchScreen.storyboard in Resources */ = {isa = PBXBuildFile; fileRef = 8D84024A1DD4D0E7009BBA62 /* LaunchScreen.storyboard */; };
		8D8402541DD4D14F009BBA62 /* Recipe.swift in Sources */ = {isa = PBXBuildFile; fileRef = 8D8402531DD4D14F009BBA62 /* Recipe.swift */; };
		8D9B15A91DD62BBE00855D3B /* CreateRecipeViewController.swift in Sources */ = {isa = PBXBuildFile; fileRef = 8D9B15A81DD62BBE00855D3B /* CreateRecipeViewController.swift */; };
/* End PBXBuildFile section */

/* Begin PBXFileReference section */
		8D0BF8741E1CA20100C3B563 /* DefaultColors.swift */ = {isa = PBXFileReference; fileEncoding = 4; lastKnownFileType = sourcecode.swift; path = DefaultColors.swift; sourceTree = "<group>"; };
		8D0BF87C1E216AB500C3B563 /* Extensions.swift */ = {isa = PBXFileReference; fileEncoding = 4; lastKnownFileType = sourcecode.swift; path = Extensions.swift; sourceTree = "<group>"; };
		8D0BF87F1E2D6B7300C3B563 /* Bolts.framework */ = {isa = PBXFileReference; lastKnownFileType = wrapper.framework; path = Bolts.framework; sourceTree = "<group>"; };
		8D0BF8801E2D6B7300C3B563 /* FBSDKCoreKit.framework */ = {isa = PBXFileReference; lastKnownFileType = wrapper.framework; path = FBSDKCoreKit.framework; sourceTree = "<group>"; };
		8D0BF8811E2D6B7300C3B563 /* FBSDKLoginKit.framework */ = {isa = PBXFileReference; lastKnownFileType = wrapper.framework; path = FBSDKLoginKit.framework; sourceTree = "<group>"; };
		8D0BF8821E2D6B7300C3B563 /* FBSDKShareKit.framework */ = {isa = PBXFileReference; lastKnownFileType = wrapper.framework; path = FBSDKShareKit.framework; sourceTree = "<group>"; };
		8D0BF8871E2D721A00C3B563 /* LoginViewController.swift */ = {isa = PBXFileReference; fileEncoding = 4; lastKnownFileType = sourcecode.swift; path = LoginViewController.swift; sourceTree = "<group>"; };
		8D0BF8891E2D750300C3B563 /* Recipes.entitlements */ = {isa = PBXFileReference; lastKnownFileType = text.plist.entitlements; path = Recipes.entitlements; sourceTree = "<group>"; };
		8D0BF88A1E2F071C00C3B563 /* CurrentUser.swift */ = {isa = PBXFileReference; fileEncoding = 4; lastKnownFileType = sourcecode.swift; path = CurrentUser.swift; sourceTree = "<group>"; };
		8D4AEEB21DD5063B00127BEB /* RecipeViewController.swift */ = {isa = PBXFileReference; fileEncoding = 4; lastKnownFileType = sourcecode.swift; path = RecipeViewController.swift; sourceTree = "<group>"; };
		8D84023E1DD4D0E7009BBA62 /* Recipes.app */ = {isa = PBXFileReference; explicitFileType = wrapper.application; includeInIndex = 0; path = Recipes.app; sourceTree = BUILT_PRODUCTS_DIR; };
		8D8402411DD4D0E7009BBA62 /* AppDelegate.swift */ = {isa = PBXFileReference; lastKnownFileType = sourcecode.swift; path = AppDelegate.swift; sourceTree = "<group>"; };
		8D8402431DD4D0E7009BBA62 /* ViewController.swift */ = {isa = PBXFileReference; lastKnownFileType = sourcecode.swift; path = ViewController.swift; sourceTree = "<group>"; };
		8D8402461DD4D0E7009BBA62 /* Base */ = {isa = PBXFileReference; lastKnownFileType = file.storyboard; name = Base; path = Base.lproj/Main.storyboard; sourceTree = "<group>"; };
		8D8402481DD4D0E7009BBA62 /* Assets.xcassets */ = {isa = PBXFileReference; lastKnownFileType = folder.assetcatalog; path = Assets.xcassets; sourceTree = "<group>"; };
		8D84024B1DD4D0E7009BBA62 /* Base */ = {isa = PBXFileReference; lastKnownFileType = file.storyboard; name = Base; path = Base.lproj/LaunchScreen.storyboard; sourceTree = "<group>"; };
		8D84024D1DD4D0E7009BBA62 /* Info.plist */ = {isa = PBXFileReference; lastKnownFileType = text.plist.xml; path = Info.plist; sourceTree = "<group>"; };
		8D8402531DD4D14F009BBA62 /* Recipe.swift */ = {isa = PBXFileReference; fileEncoding = 4; lastKnownFileType = sourcecode.swift; path = Recipe.swift; sourceTree = "<group>"; };
		8D9B15A81DD62BBE00855D3B /* CreateRecipeViewController.swift */ = {isa = PBXFileReference; fileEncoding = 4; lastKnownFileType = sourcecode.swift; path = CreateRecipeViewController.swift; sourceTree = "<group>"; };
/* End PBXFileReference section */

/* Begin PBXFrameworksBuildPhase section */
		8D84023B1DD4D0E7009BBA62 /* Frameworks */ = {
			isa = PBXFrameworksBuildPhase;
			buildActionMask = 2147483647;
			files = (
				8D0BF8861E2D6B7400C3B563 /* FBSDKShareKit.framework in Frameworks */,
				8D0BF8831E2D6B7400C3B563 /* Bolts.framework in Frameworks */,
				8D0BF8841E2D6B7400C3B563 /* FBSDKCoreKit.framework in Frameworks */,
				8D0BF8851E2D6B7400C3B563 /* FBSDKLoginKit.framework in Frameworks */,
			);
			runOnlyForDeploymentPostprocessing = 0;
		};
/* End PBXFrameworksBuildPhase section */

/* Begin PBXGroup section */
		8D0BF87E1E2D690300C3B563 /* Frameworks */ = {
			isa = PBXGroup;
			children = (
				8D0BF87F1E2D6B7300C3B563 /* Bolts.framework */,
				8D0BF8801E2D6B7300C3B563 /* FBSDKCoreKit.framework */,
				8D0BF8811E2D6B7300C3B563 /* FBSDKLoginKit.framework */,
				8D0BF8821E2D6B7300C3B563 /* FBSDKShareKit.framework */,
			);
			name = Frameworks;
			sourceTree = "<group>";
		};
		8D8402351DD4D0E7009BBA62 = {
			isa = PBXGroup;
			children = (
				8D0BF87E1E2D690300C3B563 /* Frameworks */,
				8D8402401DD4D0E7009BBA62 /* Recipes */,
				8D84023F1DD4D0E7009BBA62 /* Products */,
			);
			sourceTree = "<group>";
		};
		8D84023F1DD4D0E7009BBA62 /* Products */ = {
			isa = PBXGroup;
			children = (
				8D84023E1DD4D0E7009BBA62 /* Recipes.app */,
			);
			name = Products;
			sourceTree = "<group>";
		};
		8D8402401DD4D0E7009BBA62 /* Recipes */ = {
			isa = PBXGroup;
			children = (
				8D8402411DD4D0E7009BBA62 /* AppDelegate.swift */,
				8D0BF8871E2D721A00C3B563 /* LoginViewController.swift */,
				8D8402431DD4D0E7009BBA62 /* ViewController.swift */,
				8D4AEEB21DD5063B00127BEB /* RecipeViewController.swift */,
				8D9B15A81DD62BBE00855D3B /* CreateRecipeViewController.swift */,
				8D0BF88A1E2F071C00C3B563 /* CurrentUser.swift */,
				8D0BF8741E1CA20100C3B563 /* DefaultColors.swift */,
				8D0BF87C1E216AB500C3B563 /* Extensions.swift */,
				8D8402531DD4D14F009BBA62 /* Recipe.swift */,
				8D8402451DD4D0E7009BBA62 /* Main.storyboard */,
				8D8402481DD4D0E7009BBA62 /* Assets.xcassets */,
				8D84024A1DD4D0E7009BBA62 /* LaunchScreen.storyboard */,
				8D0BF8891E2D750300C3B563 /* Recipes.entitlements */,
				8D84024D1DD4D0E7009BBA62 /* Info.plist */,
			);
			path = Recipes;
			sourceTree = "<group>";
		};
/* End PBXGroup section */

/* Begin PBXNativeTarget section */
		8D84023D1DD4D0E7009BBA62 /* Recipes */ = {
			isa = PBXNativeTarget;
			buildConfigurationList = 8D8402501DD4D0E7009BBA62 /* Build configuration list for PBXNativeTarget "Recipes" */;
			buildPhases = (
				8D84023A1DD4D0E7009BBA62 /* Sources */,
				8D84023B1DD4D0E7009BBA62 /* Frameworks */,
				8D84023C1DD4D0E7009BBA62 /* Resources */,
			);
			buildRules = (
			);
			dependencies = (
			);
			name = Recipes;
			productName = Recipes;
			productReference = 8D84023E1DD4D0E7009BBA62 /* Recipes.app */;
			productType = "com.apple.product-type.application";
		};
/* End PBXNativeTarget section */

/* Begin PBXProject section */
		8D8402361DD4D0E7009BBA62 /* Project object */ = {
			isa = PBXProject;
			attributes = {
				LastSwiftUpdateCheck = 0800;
				LastUpgradeCheck = 0800;
				ORGANIZATIONNAME = "Tushar Verma";
				TargetAttributes = {
					8D84023D1DD4D0E7009BBA62 = {
						CreatedOnToolsVersion = 8.0;
						DevelopmentTeam = 522ZNNMW8Z;
						ProvisioningStyle = Automatic;
						SystemCapabilities = {
							com.apple.Keychain = {
								enabled = 1;
							};
						};
					};
				};
			};
			buildConfigurationList = 8D8402391DD4D0E7009BBA62 /* Build configuration list for PBXProject "Recipes" */;
			compatibilityVersion = "Xcode 3.2";
			developmentRegion = English;
			hasScannedForEncodings = 0;
			knownRegions = (
				en,
				Base,
			);
			mainGroup = 8D8402351DD4D0E7009BBA62;
			productRefGroup = 8D84023F1DD4D0E7009BBA62 /* Products */;
			projectDirPath = "";
			projectRoot = "";
			targets = (
				8D84023D1DD4D0E7009BBA62 /* Recipes */,
			);
		};
/* End PBXProject section */

/* Begin PBXResourcesBuildPhase section */
		8D84023C1DD4D0E7009BBA62 /* Resources */ = {
			isa = PBXResourcesBuildPhase;
			buildActionMask = 2147483647;
			files = (
				8D84024C1DD4D0E7009BBA62 /* LaunchScreen.storyboard in Resources */,
				8D8402491DD4D0E7009BBA62 /* Assets.xcassets in Resources */,
				8D8402471DD4D0E7009BBA62 /* Main.storyboard in Resources */,
			);
			runOnlyForDeploymentPostprocessing = 0;
		};
/* End PBXResourcesBuildPhase section */

/* Begin PBXSourcesBuildPhase section */
		8D84023A1DD4D0E7009BBA62 /* Sources */ = {
			isa = PBXSourcesBuildPhase;
			buildActionMask = 2147483647;
			files = (
				8D8402541DD4D14F009BBA62 /* Recipe.swift in Sources */,
				8D9B15A91DD62BBE00855D3B /* CreateRecipeViewController.swift in Sources */,
				8D8402441DD4D0E7009BBA62 /* ViewController.swift in Sources */,
				8D0BF8751E1CA20100C3B563 /* DefaultColors.swift in Sources */,
				8D0BF8881E2D721A00C3B563 /* LoginViewController.swift in Sources */,
				8D8402421DD4D0E7009BBA62 /* AppDelegate.swift in Sources */,
				8D4AEEB31DD5063B00127BEB /* RecipeViewController.swift in Sources */,
				8D0BF88B1E2F071C00C3B563 /* CurrentUser.swift in Sources */,
				8D0BF87D1E216AB500C3B563 /* Extensions.swift in Sources */,
			);
			runOnlyForDeploymentPostprocessing = 0;
		};
/* End PBXSourcesBuildPhase section */

/* Begin PBXVariantGroup section */
		8D8402451DD4D0E7009BBA62 /* Main.storyboard */ = {
			isa = PBXVariantGroup;
			children = (
				8D8402461DD4D0E7009BBA62 /* Base */,
			);
			name = Main.storyboard;
			sourceTree = "<group>";
		};
		8D84024A1DD4D0E7009BBA62 /* LaunchScreen.storyboard */ = {
			isa = PBXVariantGroup;
			children = (
				8D84024B1DD4D0E7009BBA62 /* Base */,
			);
			name = LaunchScreen.storyboard;
			sourceTree = "<group>";
		};
/* End PBXVariantGroup section */

/* Begin XCBuildConfiguration section */
		8D84024E1DD4D0E7009BBA62 /* Debug */ = {
			isa = XCBuildConfiguration;
			buildSettings = {
				ALWAYS_SEARCH_USER_PATHS = NO;
				CLANG_ANALYZER_NONNULL = YES;
				CLANG_CXX_LANGUAGE_STANDARD = "gnu++0x";
				CLANG_CXX_LIBRARY = "libc++";
				CLANG_ENABLE_MODULES = YES;
				CLANG_ENABLE_OBJC_ARC = YES;
				CLANG_WARN_BOOL_CONVERSION = YES;
				CLANG_WARN_CONSTANT_CONVERSION = YES;
				CLANG_WARN_DIRECT_OBJC_ISA_USAGE = YES_ERROR;
				CLANG_WARN_DOCUMENTATION_COMMENTS = YES;
				CLANG_WARN_EMPTY_BODY = YES;
				CLANG_WARN_ENUM_CONVERSION = YES;
				CLANG_WARN_INFINITE_RECURSION = YES;
				CLANG_WARN_INT_CONVERSION = YES;
				CLANG_WARN_OBJC_ROOT_CLASS = YES_ERROR;
				CLANG_WARN_SUSPICIOUS_MOVES = YES;
				CLANG_WARN_UNREACHABLE_CODE = YES;
				CLANG_WARN__DUPLICATE_METHOD_MATCH = YES;
				"CODE_SIGN_IDENTITY[sdk=iphoneos*]" = "iPhone Developer";
				COPY_PHASE_STRIP = NO;
				DEBUG_INFORMATION_FORMAT = dwarf;
				ENABLE_STRICT_OBJC_MSGSEND = YES;
				ENABLE_TESTABILITY = YES;
				GCC_C_LANGUAGE_STANDARD = gnu99;
				GCC_DYNAMIC_NO_PIC = NO;
				GCC_NO_COMMON_BLOCKS = YES;
				GCC_OPTIMIZATION_LEVEL = 0;
				GCC_PREPROCESSOR_DEFINITIONS = (
					"DEBUG=1",
					"$(inherited)",
				);
				GCC_WARN_64_TO_32_BIT_CONVERSION = YES;
				GCC_WARN_ABOUT_RETURN_TYPE = YES_ERROR;
				GCC_WARN_UNDECLARED_SELECTOR = YES;
				GCC_WARN_UNINITIALIZED_AUTOS = YES_AGGRESSIVE;
				GCC_WARN_UNUSED_FUNCTION = YES;
				GCC_WARN_UNUSED_VARIABLE = YES;
				IPHONEOS_DEPLOYMENT_TARGET = 10.0;
				MTL_ENABLE_DEBUG_INFO = YES;
				ONLY_ACTIVE_ARCH = YES;
				SDKROOT = iphoneos;
				SWIFT_ACTIVE_COMPILATION_CONDITIONS = DEBUG;
				SWIFT_OPTIMIZATION_LEVEL = "-Onone";
			};
			name = Debug;
		};
		8D84024F1DD4D0E7009BBA62 /* Release */ = {
			isa = XCBuildConfiguration;
			buildSettings = {
				ALWAYS_SEARCH_USER_PATHS = NO;
				CLANG_ANALYZER_NONNULL = YES;
				CLANG_CXX_LANGUAGE_STANDARD = "gnu++0x";
				CLANG_CXX_LIBRARY = "libc++";
				CLANG_ENABLE_MODULES = YES;
				CLANG_ENABLE_OBJC_ARC = YES;
				CLANG_WARN_BOOL_CONVERSION = YES;
				CLANG_WARN_CONSTANT_CONVERSION = YES;
				CLANG_WARN_DIRECT_OBJC_ISA_USAGE = YES_ERROR;
				CLANG_WARN_DOCUMENTATION_COMMENTS = YES;
				CLANG_WARN_EMPTY_BODY = YES;
				CLANG_WARN_ENUM_CONVERSION = YES;
				CLANG_WARN_INFINITE_RECURSION = YES;
				CLANG_WARN_INT_CONVERSION = YES;
				CLANG_WARN_OBJC_ROOT_CLASS = YES_ERROR;
				CLANG_WARN_SUSPICIOUS_MOVES = YES;
				CLANG_WARN_UNREACHABLE_CODE = YES;
				CLANG_WARN__DUPLICATE_METHOD_MATCH = YES;
				"CODE_SIGN_IDENTITY[sdk=iphoneos*]" = "iPhone Developer";
				COPY_PHASE_STRIP = NO;
				DEBUG_INFORMATION_FORMAT = "dwarf-with-dsym";
				ENABLE_NS_ASSERTIONS = NO;
				ENABLE_STRICT_OBJC_MSGSEND = YES;
				GCC_C_LANGUAGE_STANDARD = gnu99;
				GCC_NO_COMMON_BLOCKS = YES;
				GCC_WARN_64_TO_32_BIT_CONVERSION = YES;
				GCC_WARN_ABOUT_RETURN_TYPE = YES_ERROR;
				GCC_WARN_UNDECLARED_SELECTOR = YES;
				GCC_WARN_UNINITIALIZED_AUTOS = YES_AGGRESSIVE;
				GCC_WARN_UNUSED_FUNCTION = YES;
				GCC_WARN_UNUSED_VARIABLE = YES;
				IPHONEOS_DEPLOYMENT_TARGET = 10.0;
				MTL_ENABLE_DEBUG_INFO = NO;
				SDKROOT = iphoneos;
				SWIFT_OPTIMIZATION_LEVEL = "-Owholemodule";
				VALIDATE_PRODUCT = YES;
			};
			name = Release;
		};
		8D8402511DD4D0E7009BBA62 /* Debug */ = {
			isa = XCBuildConfiguration;
			buildSettings = {
				ASSETCATALOG_COMPILER_APPICON_NAME = AppIcon;
				CODE_SIGN_ENTITLEMENTS = Recipes/Recipes.entitlements;
				CODE_SIGN_IDENTITY = "iPhone Developer";
				"CODE_SIGN_IDENTITY[sdk=iphoneos*]" = "iPhone Developer";
				DEVELOPMENT_TEAM = 522ZNNMW8Z;
				FRAMEWORK_SEARCH_PATHS = (
					"$(inherited)",
					"$(PROJECT_DIR)",
				);
				INFOPLIST_FILE = Recipes/Info.plist;
				LD_RUNPATH_SEARCH_PATHS = "$(inherited) @executable_path/Frameworks";
				PRODUCT_BUNDLE_IDENTIFIER = com.tusharverma.Recipes;
				PRODUCT_NAME = "$(TARGET_NAME)";
				SWIFT_VERSION = 3.0;
			};
			name = Debug;
		};
		8D8402521DD4D0E7009BBA62 /* Release */ = {
			isa = XCBuildConfiguration;
			buildSettings = {
				ASSETCATALOG_COMPILER_APPICON_NAME = AppIcon;
				CODE_SIGN_ENTITLEMENTS = Recipes/Recipes.entitlements;
				CODE_SIGN_IDENTITY = "iPhone Developer";
				"CODE_SIGN_IDENTITY[sdk=iphoneos*]" = "iPhone Developer";
				DEVELOPMENT_TEAM = 522ZNNMW8Z;
				FRAMEWORK_SEARCH_PATHS = (
					"$(inherited)",
					"$(PROJECT_DIR)",
				);
				INFOPLIST_FILE = Recipes/Info.plist;
				LD_RUNPATH_SEARCH_PATHS = "$(inherited) @executable_path/Frameworks";
				PRODUCT_BUNDLE_IDENTIFIER = com.tusharverma.Recipes;
				PRODUCT_NAME = "$(TARGET_NAME)";
				SWIFT_VERSION = 3.0;
			};
			name = Release;
		};
/* End XCBuildConfiguration section */

/* Begin XCConfigurationList section */
		8D8402391DD4D0E7009BBA62 /* Build configuration list for PBXProject "Recipes" */ = {
			isa = XCConfigurationList;
			buildConfigurations = (
				8D84024E1DD4D0E7009BBA62 /* Debug */,
				8D84024F1DD4D0E7009BBA62 /* Release */,
			);
			defaultConfigurationIsVisible = 0;
			defaultConfigurationName = Release;
		};
		8D8402501DD4D0E7009BBA62 /* Build configuration list for PBXNativeTarget "Recipes" */ = {
			isa = XCConfigurationList;
			buildConfigurations = (
				8D8402511DD4D0E7009BBA62 /* Debug */,
				8D8402521DD4D0E7009BBA62 /* Release */,
			);
			defaultConfigurationIsVisible = 0;
			defaultConfigurationName = Release;
		};
/* End XCConfigurationList section */
	};
	rootObject = 8D8402361DD4D0E7009BBA62 /* Project object */;
}
