PODS:
  - Fusuma (1.0.3)
  - InAppSettingsKit (2.8.1)

DEPENDENCIES:
  - Fusuma (~> 1.0)
  - InAppSettingsKit

SPEC CHECKSUMS:
  Fusuma: 60ed1dd51a3b3610960219df9862c83f03304ce1
  InAppSettingsKit: 94d2fba3ccd700fc4e32c6d09fabcc0af2426744

PODFILE CHECKSUM: 2cf01ed43c068cd995535471452f1d306e1a5992

COCOAPODS: 1.2.0
