// !$*UTF8*$!
{
	archiveVersion = 1;
	classes = {
	};
	objectVersion = 48;
	objects = {

/* Begin PBXBuildFile section */
		75229354D4E341E8616AB9D8 /* Pods_HomeCooked.framework in Frameworks */ = {isa = PBXBuildFile; fileRef = 8C711B1D32B833F7002F5DFE /* Pods_HomeCooked.framework */; };
		8D06C62A1E724E1900B5EAC7 /* ButtonWithRecipe.swift in Sources */ = {isa = PBXBuildFile; fileRef = 8D06C6291E724E1900B5EAC7 /* ButtonWithRecipe.swift */; };
		8D0BF8831E2D6B7400C3B563 /* Bolts.framework in Frameworks */ = {isa = PBXBuildFile; fileRef = 8D0BF87F1E2D6B7300C3B563 /* Bolts.framework */; };
		8D0BF8841E2D6B7400C3B563 /* FBSDKCoreKit.framework in Frameworks */ = {isa = PBXBuildFile; fileRef = 8D0BF8801E2D6B7300C3B563 /* FBSDKCoreKit.framework */; };
		8D0BF8851E2D6B7400C3B563 /* FBSDKLoginKit.framework in Frameworks */ = {isa = PBXBuildFile; fileRef = 8D0BF8811E2D6B7300C3B563 /* FBSDKLoginKit.framework */; };
		8D0BF8861E2D6B7400C3B563 /* FBSDKShareKit.framework in Frameworks */ = {isa = PBXBuildFile; fileRef = 8D0BF8821E2D6B7300C3B563 /* FBSDKShareKit.framework */; };
		8D0BF8881E2D721A00C3B563 /* LoginViewController.swift in Sources */ = {isa = PBXBuildFile; fileRef = 8D0BF8871E2D721A00C3B563 /* LoginViewController.swift */; };
		8D4AEEB31DD5063B00127BEB /* RecipeViewController.swift in Sources */ = {isa = PBXBuildFile; fileRef = 8D4AEEB21DD5063B00127BEB /* RecipeViewController.swift */; };
		8D5FF99A1E98AF89005B1D15 /* StringExtensions.swift in Sources */ = {isa = PBXBuildFile; fileRef = 8D5FF9991E98AF89005B1D15 /* StringExtensions.swift */; };
		8D67C52F1E8F4BD20097D699 /* RecipesService.swift in Sources */ = {isa = PBXBuildFile; fileRef = 8D67C52E1E8F4BD20097D699 /* RecipesService.swift */; };
		8D7D55E51E888DD3008E7E8B /* RecipesFileManagerUtil.swift in Sources */ = {isa = PBXBuildFile; fileRef = 8D7D55E41E888DD3008E7E8B /* RecipesFileManagerUtil.swift */; };
		8D8402421DD4D0E7009BBA62 /* AppDelegate.swift in Sources */ = {isa = PBXBuildFile; fileRef = 8D8402411DD4D0E7009BBA62 /* AppDelegate.swift */; };
		8D8402441DD4D0E7009BBA62 /* ViewController.swift in Sources */ = {isa = PBXBuildFile; fileRef = 8D8402431DD4D0E7009BBA62 /* ViewController.swift */; };
		8D8402471DD4D0E7009BBA62 /* Main.storyboard in Resources */ = {isa = PBXBuildFile; fileRef = 8D8402451DD4D0E7009BBA62 /* Main.storyboard */; };
		8D84024C1DD4D0E7009BBA62 /* LaunchScreen.storyboard in Resources */ = {isa = PBXBuildFile; fileRef = 8D84024A1DD4D0E7009BBA62 /* LaunchScreen.storyboard */; };
		8D8402541DD4D14F009BBA62 /* Recipe.swift in Sources */ = {isa = PBXBuildFile; fileRef = 8D8402531DD4D14F009BBA62 /* Recipe.swift */; };
		8D8413DE1E5B98D100E9AC9B /* QuartzCore.framework in Frameworks */ = {isa = PBXBuildFile; fileRef = 8D8413DD1E5B98D100E9AC9B /* QuartzCore.framework */; };
		8D861C661E93492600CFE87F /* UITextViewExtensions.swift in Sources */ = {isa = PBXBuildFile; fileRef = 8D861C651E93492600CFE87F /* UITextViewExtensions.swift */; };
		8D9B15A91DD62BBE00855D3B /* CreateRecipeViewController.swift in Sources */ = {isa = PBXBuildFile; fileRef = 8D9B15A81DD62BBE00855D3B /* CreateRecipeViewController.swift */; };
		8DB9AD581E90CB5A003501AC /* NSMutableDataExtensions.swift in Sources */ = {isa = PBXBuildFile; fileRef = 8DB9AD571E90CB5A003501AC /* NSMutableDataExtensions.swift */; };
		8DB9AD5A1E90CB69003501AC /* UIViewControllerExtensions.swift in Sources */ = {isa = PBXBuildFile; fileRef = 8DB9AD591E90CB69003501AC /* UIViewControllerExtensions.swift */; };
		8DB9AD5C1E90CB81003501AC /* UIImageExtensions.swift in Sources */ = {isa = PBXBuildFile; fileRef = 8DB9AD5B1E90CB81003501AC /* UIImageExtensions.swift */; };
		8DDD9B461E8602B100F5D766 /* AlertControllerUtil.swift in Sources */ = {isa = PBXBuildFile; fileRef = 8DDD9B451E8602B100F5D766 /* AlertControllerUtil.swift */; };
		8DDD9B481E8626E300F5D766 /* DataTaskUtil.swift in Sources */ = {isa = PBXBuildFile; fileRef = 8DDD9B471E8626E300F5D766 /* DataTaskUtil.swift */; };
		8DDF6A241E80D5AA00D34932 /* Assets.xcassets in Resources */ = {isa = PBXBuildFile; fileRef = 8DDF6A231E80D5AA00D34932 /* Assets.xcassets */; };
		8DE35C991E80A9D2004DD14F /* Settings.bundle in Resources */ = {isa = PBXBuildFile; fileRef = 8DE35C981E80A9D2004DD14F /* Settings.bundle */; };
		8DE35C9B1E80AFAE004DD14F /* SettingsTableViewController.swift in Sources */ = {isa = PBXBuildFile; fileRef = 8DE35C9A1E80AFAE004DD14F /* SettingsTableViewController.swift */; };
		8DE9B5351E9AAFC3002E6BB9 /* Config.plist in Resources */ = {isa = PBXBuildFile; fileRef = 8DE9B5341E9AAFC3002E6BB9 /* Config.plist */; };
		8DEF1A5B1E8727340031CD03 /* Config.swift in Sources */ = {isa = PBXBuildFile; fileRef = 8DEF1A5A1E8727340031CD03 /* Config.swift */; };
		8DF3E9671EABF52000E72B70 /* SMSViewController.swift in Sources */ = {isa = PBXBuildFile; fileRef = 8DF3E9661EABF52000E72B70 /* SMSViewController.swift */; };
/* End PBXBuildFile section */

/* Begin PBXFileReference section */
		79F6527FF3B978897CCDDC4A /* Pods-HomeCooked.development.xcconfig */ = {isa = PBXFileReference; includeInIndex = 1; lastKnownFileType = text.xcconfig; name = "Pods-HomeCooked.development.xcconfig"; path = "Pods/Target Support Files/Pods-HomeCooked/Pods-HomeCooked.development.xcconfig"; sourceTree = "<group>"; };
		8C711B1D32B833F7002F5DFE /* Pods_HomeCooked.framework */ = {isa = PBXFileReference; explicitFileType = wrapper.framework; includeInIndex = 0; path = Pods_HomeCooked.framework; sourceTree = BUILT_PRODUCTS_DIR; };
		8D06C6291E724E1900B5EAC7 /* ButtonWithRecipe.swift */ = {isa = PBXFileReference; fileEncoding = 4; lastKnownFileType = sourcecode.swift; path = ButtonWithRecipe.swift; sourceTree = "<group>"; };
		8D0BF87F1E2D6B7300C3B563 /* Bolts.framework */ = {isa = PBXFileReference; lastKnownFileType = wrapper.framework; path = Bolts.framework; sourceTree = "<group>"; };
		8D0BF8801E2D6B7300C3B563 /* FBSDKCoreKit.framework */ = {isa = PBXFileReference; lastKnownFileType = wrapper.framework; path = FBSDKCoreKit.framework; sourceTree = "<group>"; };
		8D0BF8811E2D6B7300C3B563 /* FBSDKLoginKit.framework */ = {isa = PBXFileReference; lastKnownFileType = wrapper.framework; path = FBSDKLoginKit.framework; sourceTree = "<group>"; };
		8D0BF8821E2D6B7300C3B563 /* FBSDKShareKit.framework */ = {isa = PBXFileReference; lastKnownFileType = wrapper.framework; path = FBSDKShareKit.framework; sourceTree = "<group>"; };
		8D0BF8871E2D721A00C3B563 /* LoginViewController.swift */ = {isa = PBXFileReference; fileEncoding = 4; lastKnownFileType = sourcecode.swift; path = LoginViewController.swift; sourceTree = "<group>"; };
		8D0BF8891E2D750300C3B563 /* HomeCooked.entitlements */ = {isa = PBXFileReference; lastKnownFileType = text.plist.entitlements; path = HomeCooked.entitlements; sourceTree = "<group>"; };
		8D4AEEB21DD5063B00127BEB /* RecipeViewController.swift */ = {isa = PBXFileReference; fileEncoding = 4; lastKnownFileType = sourcecode.swift; path = RecipeViewController.swift; sourceTree = "<group>"; };
		8D5FF9991E98AF89005B1D15 /* StringExtensions.swift */ = {isa = PBXFileReference; fileEncoding = 4; lastKnownFileType = sourcecode.swift; path = StringExtensions.swift; sourceTree = "<group>"; };
		8D67C52E1E8F4BD20097D699 /* RecipesService.swift */ = {isa = PBXFileReference; fileEncoding = 4; lastKnownFileType = sourcecode.swift; path = RecipesService.swift; sourceTree = "<group>"; };
		8D7D55E41E888DD3008E7E8B /* RecipesFileManagerUtil.swift */ = {isa = PBXFileReference; fileEncoding = 4; lastKnownFileType = sourcecode.swift; path = RecipesFileManagerUtil.swift; sourceTree = "<group>"; };
		8D84023E1DD4D0E7009BBA62 /* HomeCooked.app */ = {isa = PBXFileReference; explicitFileType = wrapper.application; includeInIndex = 0; path = HomeCooked.app; sourceTree = BUILT_PRODUCTS_DIR; };
		8D8402411DD4D0E7009BBA62 /* AppDelegate.swift */ = {isa = PBXFileReference; lastKnownFileType = sourcecode.swift; path = AppDelegate.swift; sourceTree = "<group>"; };
		8D8402431DD4D0E7009BBA62 /* ViewController.swift */ = {isa = PBXFileReference; lastKnownFileType = sourcecode.swift; path = ViewController.swift; sourceTree = "<group>"; };
		8D8402461DD4D0E7009BBA62 /* Base */ = {isa = PBXFileReference; lastKnownFileType = file.storyboard; name = Base; path = Base.lproj/Main.storyboard; sourceTree = "<group>"; };
		8D84024B1DD4D0E7009BBA62 /* Base */ = {isa = PBXFileReference; lastKnownFileType = file.storyboard; name = Base; path = Base.lproj/LaunchScreen.storyboard; sourceTree = "<group>"; };
		8D84024D1DD4D0E7009BBA62 /* Info.plist */ = {isa = PBXFileReference; lastKnownFileType = text.plist.xml; path = Info.plist; sourceTree = "<group>"; };
		8D8402531DD4D14F009BBA62 /* Recipe.swift */ = {isa = PBXFileReference; fileEncoding = 4; lastKnownFileType = sourcecode.swift; path = Recipe.swift; sourceTree = "<group>"; };
		8D8413DD1E5B98D100E9AC9B /* QuartzCore.framework */ = {isa = PBXFileReference; lastKnownFileType = wrapper.framework; name = QuartzCore.framework; path = System/Library/Frameworks/QuartzCore.framework; sourceTree = SDKROOT; };
		8D861C651E93492600CFE87F /* UITextViewExtensions.swift */ = {isa = PBXFileReference; fileEncoding = 4; lastKnownFileType = sourcecode.swift; path = UITextViewExtensions.swift; sourceTree = "<group>"; };
		8D9B15A81DD62BBE00855D3B /* CreateRecipeViewController.swift */ = {isa = PBXFileReference; fileEncoding = 4; lastKnownFileType = sourcecode.swift; path = CreateRecipeViewController.swift; sourceTree = "<group>"; };
		8DB9AD571E90CB5A003501AC /* NSMutableDataExtensions.swift */ = {isa = PBXFileReference; fileEncoding = 4; lastKnownFileType = sourcecode.swift; path = NSMutableDataExtensions.swift; sourceTree = "<group>"; };
		8DB9AD591E90CB69003501AC /* UIViewControllerExtensions.swift */ = {isa = PBXFileReference; fileEncoding = 4; lastKnownFileType = sourcecode.swift; path = UIViewControllerExtensions.swift; sourceTree = "<group>"; };
		8DB9AD5B1E90CB81003501AC /* UIImageExtensions.swift */ = {isa = PBXFileReference; fileEncoding = 4; lastKnownFileType = sourcecode.swift; path = UIImageExtensions.swift; sourceTree = "<group>"; };
		8DDD9B451E8602B100F5D766 /* AlertControllerUtil.swift */ = {isa = PBXFileReference; fileEncoding = 4; lastKnownFileType = sourcecode.swift; path = AlertControllerUtil.swift; sourceTree = "<group>"; };
		8DDD9B471E8626E300F5D766 /* DataTaskUtil.swift */ = {isa = PBXFileReference; fileEncoding = 4; lastKnownFileType = sourcecode.swift; path = DataTaskUtil.swift; sourceTree = "<group>"; };
		8DDF6A231E80D5AA00D34932 /* Assets.xcassets */ = {isa = PBXFileReference; lastKnownFileType = folder.assetcatalog; path = Assets.xcassets; sourceTree = "<group>"; };
		8DE35C981E80A9D2004DD14F /* Settings.bundle */ = {isa = PBXFileReference; lastKnownFileType = "wrapper.plug-in"; path = Settings.bundle; sourceTree = "<group>"; };
		8DE35C9A1E80AFAE004DD14F /* SettingsTableViewController.swift */ = {isa = PBXFileReference; fileEncoding = 4; lastKnownFileType = sourcecode.swift; path = SettingsTableViewController.swift; sourceTree = "<group>"; };
		8DE9B5341E9AAFC3002E6BB9 /* Config.plist */ = {isa = PBXFileReference; fileEncoding = 4; lastKnownFileType = text.plist.xml; path = Config.plist; sourceTree = "<group>"; };
		8DEF1A5A1E8727340031CD03 /* Config.swift */ = {isa = PBXFileReference; fileEncoding = 4; lastKnownFileType = sourcecode.swift; path = Config.swift; sourceTree = "<group>"; };
		8DF3E9661EABF52000E72B70 /* SMSViewController.swift */ = {isa = PBXFileReference; fileEncoding = 4; lastKnownFileType = sourcecode.swift; path = SMSViewController.swift; sourceTree = "<group>"; };
		95E333C537CB6A29D0B2B070 /* Pods-HomeCooked.debug.xcconfig */ = {isa = PBXFileReference; includeInIndex = 1; lastKnownFileType = text.xcconfig; name = "Pods-HomeCooked.debug.xcconfig"; path = "Pods/Target Support Files/Pods-HomeCooked/Pods-HomeCooked.debug.xcconfig"; sourceTree = "<group>"; };
		95FD5B2E1B908B785D762A65 /* Pods-HomeCooked.release.xcconfig */ = {isa = PBXFileReference; includeInIndex = 1; lastKnownFileType = text.xcconfig; name = "Pods-HomeCooked.release.xcconfig"; path = "Pods/Target Support Files/Pods-HomeCooked/Pods-HomeCooked.release.xcconfig"; sourceTree = "<group>"; };
		E626CFACDA60222DBF842A1D /* Pods-HomeCooked.staging.xcconfig */ = {isa = PBXFileReference; includeInIndex = 1; lastKnownFileType = text.xcconfig; name = "Pods-HomeCooked.staging.xcconfig"; path = "Pods/Target Support Files/Pods-HomeCooked/Pods-HomeCooked.staging.xcconfig"; sourceTree = "<group>"; };
/* End PBXFileReference section */

/* Begin PBXFrameworksBuildPhase section */
		8D84023B1DD4D0E7009BBA62 /* Frameworks */ = {
			isa = PBXFrameworksBuildPhase;
			buildActionMask = 2147483647;
			files = (
				8D8413DE1E5B98D100E9AC9B /* QuartzCore.framework in Frameworks */,
				8D0BF8861E2D6B7400C3B563 /* FBSDKShareKit.framework in Frameworks */,
				8D0BF8831E2D6B7400C3B563 /* Bolts.framework in Frameworks */,
				8D0BF8841E2D6B7400C3B563 /* FBSDKCoreKit.framework in Frameworks */,
				8D0BF8851E2D6B7400C3B563 /* FBSDKLoginKit.framework in Frameworks */,
				75229354D4E341E8616AB9D8 /* Pods_HomeCooked.framework in Frameworks */,
			);
			runOnlyForDeploymentPostprocessing = 0;
		};
/* End PBXFrameworksBuildPhase section */

/* Begin PBXGroup section */
		8D0BF87E1E2D690300C3B563 /* Frameworks */ = {
			isa = PBXGroup;
			children = (
				8D8413DD1E5B98D100E9AC9B /* QuartzCore.framework */,
				8D0BF87F1E2D6B7300C3B563 /* Bolts.framework */,
				8D0BF8801E2D6B7300C3B563 /* FBSDKCoreKit.framework */,
				8D0BF8811E2D6B7300C3B563 /* FBSDKLoginKit.framework */,
				8D0BF8821E2D6B7300C3B563 /* FBSDKShareKit.framework */,
				8C711B1D32B833F7002F5DFE /* Pods_HomeCooked.framework */,
			);
			name = Frameworks;
			sourceTree = "<group>";
		};
		8D67C52C1E8F2F6B0097D699 /* Util */ = {
			isa = PBXGroup;
			children = (
				8DDD9B451E8602B100F5D766 /* AlertControllerUtil.swift */,
				8DDD9B471E8626E300F5D766 /* DataTaskUtil.swift */,
				8D7D55E41E888DD3008E7E8B /* RecipesFileManagerUtil.swift */,
			);
			path = Util;
			sourceTree = "<group>";
		};
		8D67C52D1E8F32650097D699 /* Services */ = {
			isa = PBXGroup;
			children = (
				8D67C52E1E8F4BD20097D699 /* RecipesService.swift */,
			);
			path = Services;
			sourceTree = "<group>";
		};
		8D8402351DD4D0E7009BBA62 = {
			isa = PBXGroup;
			children = (
				8D0BF87E1E2D690300C3B563 /* Frameworks */,
				F4C2A4FB30931D7095BC658F /* Pods */,
				8D84023F1DD4D0E7009BBA62 /* Products */,
				8D8402401DD4D0E7009BBA62 /* HomeCooked */,
				8DE35C981E80A9D2004DD14F /* Settings.bundle */,
			);
			sourceTree = "<group>";
		};
		8D84023F1DD4D0E7009BBA62 /* Products */ = {
			isa = PBXGroup;
			children = (
				8D84023E1DD4D0E7009BBA62 /* HomeCooked.app */,
			);
			name = Products;
			sourceTree = "<group>";
		};
		8D8402401DD4D0E7009BBA62 /* HomeCooked */ = {
			isa = PBXGroup;
			children = (
				8DB9AD561E90CB2E003501AC /* Extensions */,
				8D67C52D1E8F32650097D699 /* Services */,
				8D67C52C1E8F2F6B0097D699 /* Util */,
				8DB9AD5D1E90CCF6003501AC /* ViewControllers */,
				8D8402411DD4D0E7009BBA62 /* AppDelegate.swift */,
				8D06C6291E724E1900B5EAC7 /* ButtonWithRecipe.swift */,
				8DEF1A5A1E8727340031CD03 /* Config.swift */,
				8D8402531DD4D14F009BBA62 /* Recipe.swift */,
				8D84024A1DD4D0E7009BBA62 /* LaunchScreen.storyboard */,
				8D8402451DD4D0E7009BBA62 /* Main.storyboard */,
				8DDF6A231E80D5AA00D34932 /* Assets.xcassets */,
				8D0BF8891E2D750300C3B563 /* HomeCooked.entitlements */,
				8D84024D1DD4D0E7009BBA62 /* Info.plist */,
				8DE9B5341E9AAFC3002E6BB9 /* Config.plist */,
			);
			path = HomeCooked;
			sourceTree = "<group>";
		};
		8DB9AD561E90CB2E003501AC /* Extensions */ = {
			isa = PBXGroup;
			children = (
				8DB9AD571E90CB5A003501AC /* NSMutableDataExtensions.swift */,
				8DB9AD5B1E90CB81003501AC /* UIImageExtensions.swift */,
				8DB9AD591E90CB69003501AC /* UIViewControllerExtensions.swift */,
				8D861C651E93492600CFE87F /* UITextViewExtensions.swift */,
				8D5FF9991E98AF89005B1D15 /* StringExtensions.swift */,
			);
			path = Extensions;
			sourceTree = "<group>";
		};
		8DB9AD5D1E90CCF6003501AC /* ViewControllers */ = {
			isa = PBXGroup;
			children = (
				8D9B15A81DD62BBE00855D3B /* CreateRecipeViewController.swift */,
				8D0BF8871E2D721A00C3B563 /* LoginViewController.swift */,
				8D4AEEB21DD5063B00127BEB /* RecipeViewController.swift */,
				8DE35C9A1E80AFAE004DD14F /* SettingsTableViewController.swift */,
				8D8402431DD4D0E7009BBA62 /* ViewController.swift */,
				8DF3E9661EABF52000E72B70 /* SMSViewController.swift */,
			);
			path = ViewControllers;
			sourceTree = "<group>";
		};
		F4C2A4FB30931D7095BC658F /* Pods */ = {
			isa = PBXGroup;
			children = (
				95E333C537CB6A29D0B2B070 /* Pods-HomeCooked.debug.xcconfig */,
				E626CFACDA60222DBF842A1D /* Pods-HomeCooked.staging.xcconfig */,
				79F6527FF3B978897CCDDC4A /* Pods-HomeCooked.development.xcconfig */,
				95FD5B2E1B908B785D762A65 /* Pods-HomeCooked.release.xcconfig */,
			);
			name = Pods;
			sourceTree = "<group>";
		};
/* End PBXGroup section */

/* Begin PBXNativeTarget section */
		8D84023D1DD4D0E7009BBA62 /* HomeCooked */ = {
			isa = PBXNativeTarget;
			buildConfigurationList = 8D8402501DD4D0E7009BBA62 /* Build configuration list for PBXNativeTarget "HomeCooked" */;
			buildPhases = (
				5CBF3BDAE7B1A65E18C92DE5 /* [CP] Check Pods Manifest.lock */,
				8D84023A1DD4D0E7009BBA62 /* Sources */,
				8D84023B1DD4D0E7009BBA62 /* Frameworks */,
				8D84023C1DD4D0E7009BBA62 /* Resources */,
				1374FE70DB2AFDB7DBE170D2 /* [CP] Embed Pods Frameworks */,
				363E1F562764EE08173ED529 /* [CP] Copy Pods Resources */,
			);
			buildRules = (
			);
			dependencies = (
			);
			name = HomeCooked;
			productName = Recipes;
			productReference = 8D84023E1DD4D0E7009BBA62 /* HomeCooked.app */;
			productType = "com.apple.product-type.application";
		};
/* End PBXNativeTarget section */

/* Begin PBXProject section */
		8D8402361DD4D0E7009BBA62 /* Project object */ = {
			isa = PBXProject;
			attributes = {
				LastSwiftUpdateCheck = 0800;
				LastUpgradeCheck = 0800;
				ORGANIZATIONNAME = "Tushar Verma";
				TargetAttributes = {
					8D84023D1DD4D0E7009BBA62 = {
						CreatedOnToolsVersion = 8.0;
						DevelopmentTeam = 522ZNNMW8Z;
						ProvisioningStyle = Automatic;
						SystemCapabilities = {
							com.apple.Keychain = {
								enabled = 1;
							};
						};
					};
				};
			};
			buildConfigurationList = 8D8402391DD4D0E7009BBA62 /* Build configuration list for PBXProject "HomeCooked" */;
			compatibilityVersion = "Xcode 8.0";
			developmentRegion = English;
			hasScannedForEncodings = 0;
			knownRegions = (
				en,
				Base,
			);
			mainGroup = 8D8402351DD4D0E7009BBA62;
			productRefGroup = 8D84023F1DD4D0E7009BBA62 /* Products */;
			projectDirPath = "";
			projectRoot = "";
			targets = (
				8D84023D1DD4D0E7009BBA62 /* HomeCooked */,
			);
		};
/* End PBXProject section */

/* Begin PBXResourcesBuildPhase section */
		8D84023C1DD4D0E7009BBA62 /* Resources */ = {
			isa = PBXResourcesBuildPhase;
			buildActionMask = 2147483647;
			files = (
				8DE35C991E80A9D2004DD14F /* Settings.bundle in Resources */,
				8D84024C1DD4D0E7009BBA62 /* LaunchScreen.storyboard in Resources */,
				8DDF6A241E80D5AA00D34932 /* Assets.xcassets in Resources */,
				8DE9B5351E9AAFC3002E6BB9 /* Config.plist in Resources */,
				8D8402471DD4D0E7009BBA62 /* Main.storyboard in Resources */,
			);
			runOnlyForDeploymentPostprocessing = 0;
		};
/* End PBXResourcesBuildPhase section */

/* Begin PBXShellScriptBuildPhase section */
		1374FE70DB2AFDB7DBE170D2 /* [CP] Embed Pods Frameworks */ = {
			isa = PBXShellScriptBuildPhase;
			buildActionMask = 2147483647;
			files = (
			);
			inputPaths = (
			);
			name = "[CP] Embed Pods Frameworks";
			outputPaths = (
			);
			runOnlyForDeploymentPostprocessing = 0;
			shellPath = /bin/sh;
			shellScript = "\"${SRCROOT}/Pods/Target Support Files/Pods-HomeCooked/Pods-HomeCooked-frameworks.sh\"\n";
			showEnvVarsInLog = 0;
		};
		363E1F562764EE08173ED529 /* [CP] Copy Pods Resources */ = {
			isa = PBXShellScriptBuildPhase;
			buildActionMask = 2147483647;
			files = (
			);
			inputPaths = (
			);
			name = "[CP] Copy Pods Resources";
			outputPaths = (
			);
			runOnlyForDeploymentPostprocessing = 0;
			shellPath = /bin/sh;
			shellScript = "\"${SRCROOT}/Pods/Target Support Files/Pods-HomeCooked/Pods-HomeCooked-resources.sh\"\n";
			showEnvVarsInLog = 0;
		};
		5CBF3BDAE7B1A65E18C92DE5 /* [CP] Check Pods Manifest.lock */ = {
			isa = PBXShellScriptBuildPhase;
			buildActionMask = 2147483647;
			files = (
			);
			inputPaths = (
			);
			name = "[CP] Check Pods Manifest.lock";
			outputPaths = (
			);
			runOnlyForDeploymentPostprocessing = 0;
			shellPath = /bin/sh;
			shellScript = "diff \"${PODS_ROOT}/../Podfile.lock\" \"${PODS_ROOT}/Manifest.lock\" > /dev/null\nif [ $? != 0 ] ; then\n    # print error to STDERR\n    echo \"error: The sandbox is not in sync with the Podfile.lock. Run 'pod install' or update your CocoaPods installation.\" >&2\n    exit 1\nfi\n";
			showEnvVarsInLog = 0;
		};
/* End PBXShellScriptBuildPhase section */

/* Begin PBXSourcesBuildPhase section */
		8D84023A1DD4D0E7009BBA62 /* Sources */ = {
			isa = PBXSourcesBuildPhase;
			buildActionMask = 2147483647;
			files = (
				8DDD9B461E8602B100F5D766 /* AlertControllerUtil.swift in Sources */,
				8D861C661E93492600CFE87F /* UITextViewExtensions.swift in Sources */,
				8D8402541DD4D14F009BBA62 /* Recipe.swift in Sources */,
				8DF3E9671EABF52000E72B70 /* SMSViewController.swift in Sources */,
				8D7D55E51E888DD3008E7E8B /* RecipesFileManagerUtil.swift in Sources */,
				8DB9AD5C1E90CB81003501AC /* UIImageExtensions.swift in Sources */,
				8D9B15A91DD62BBE00855D3B /* CreateRecipeViewController.swift in Sources */,
				8DEF1A5B1E8727340031CD03 /* Config.swift in Sources */,
				8D67C52F1E8F4BD20097D699 /* RecipesService.swift in Sources */,
				8D8402441DD4D0E7009BBA62 /* ViewController.swift in Sources */,
				8DB9AD5A1E90CB69003501AC /* UIViewControllerExtensions.swift in Sources */,
				8D06C62A1E724E1900B5EAC7 /* ButtonWithRecipe.swift in Sources */,
				8D0BF8881E2D721A00C3B563 /* LoginViewController.swift in Sources */,
				8D5FF99A1E98AF89005B1D15 /* StringExtensions.swift in Sources */,
				8D8402421DD4D0E7009BBA62 /* AppDelegate.swift in Sources */,
				8DE35C9B1E80AFAE004DD14F /* SettingsTableViewController.swift in Sources */,
				8DB9AD581E90CB5A003501AC /* NSMutableDataExtensions.swift in Sources */,
				8D4AEEB31DD5063B00127BEB /* RecipeViewController.swift in Sources */,
				8DDD9B481E8626E300F5D766 /* DataTaskUtil.swift in Sources */,
			);
			runOnlyForDeploymentPostprocessing = 0;
		};
/* End PBXSourcesBuildPhase section */

/* Begin PBXVariantGroup section */
		8D8402451DD4D0E7009BBA62 /* Main.storyboard */ = {
			isa = PBXVariantGroup;
			children = (
				8D8402461DD4D0E7009BBA62 /* Base */,
			);
			name = Main.storyboard;
			path = .;
			sourceTree = "<group>";
		};
		8D84024A1DD4D0E7009BBA62 /* LaunchScreen.storyboard */ = {
			isa = PBXVariantGroup;
			children = (
				8D84024B1DD4D0E7009BBA62 /* Base */,
			);
			name = LaunchScreen.storyboard;
			path = .;
			sourceTree = "<group>";
		};
/* End PBXVariantGroup section */

/* Begin XCBuildConfiguration section */
		8D5FF9A31E99EE6B005B1D15 /* Development */ = {
			isa = XCBuildConfiguration;
			buildSettings = {
				ALWAYS_SEARCH_USER_PATHS = NO;
				CLANG_ANALYZER_NONNULL = YES;
				CLANG_CXX_LANGUAGE_STANDARD = "gnu++0x";
				CLANG_CXX_LIBRARY = "libc++";
				CLANG_ENABLE_MODULES = YES;
				CLANG_ENABLE_OBJC_ARC = YES;
				CLANG_WARN_BOOL_CONVERSION = YES;
				CLANG_WARN_CONSTANT_CONVERSION = YES;
				CLANG_WARN_DIRECT_OBJC_ISA_USAGE = YES_ERROR;
				CLANG_WARN_DOCUMENTATION_COMMENTS = YES;
				CLANG_WARN_EMPTY_BODY = YES;
				CLANG_WARN_ENUM_CONVERSION = YES;
				CLANG_WARN_INFINITE_RECURSION = YES;
				CLANG_WARN_INT_CONVERSION = YES;
				CLANG_WARN_OBJC_ROOT_CLASS = YES_ERROR;
				CLANG_WARN_SUSPICIOUS_MOVES = YES;
				CLANG_WARN_UNREACHABLE_CODE = YES;
				CLANG_WARN__DUPLICATE_METHOD_MATCH = YES;
				"CODE_SIGN_IDENTITY[sdk=iphoneos*]" = "iPhone Developer";
				COPY_PHASE_STRIP = NO;
				DEBUG_INFORMATION_FORMAT = dwarf;
				ENABLE_STRICT_OBJC_MSGSEND = YES;
				ENABLE_TESTABILITY = YES;
				GCC_C_LANGUAGE_STANDARD = gnu99;
				GCC_DYNAMIC_NO_PIC = NO;
				GCC_NO_COMMON_BLOCKS = YES;
				GCC_OPTIMIZATION_LEVEL = 0;
				GCC_PREPROCESSOR_DEFINITIONS = (
					"DEBUG=1",
					"$(inherited)",
				);
				GCC_WARN_64_TO_32_BIT_CONVERSION = YES;
				GCC_WARN_ABOUT_RETURN_TYPE = YES_ERROR;
				GCC_WARN_UNDECLARED_SELECTOR = YES;
				GCC_WARN_UNINITIALIZED_AUTOS = YES_AGGRESSIVE;
				GCC_WARN_UNUSED_FUNCTION = YES;
				GCC_WARN_UNUSED_VARIABLE = YES;
				IPHONEOS_DEPLOYMENT_TARGET = 10.0;
				MTL_ENABLE_DEBUG_INFO = YES;
				ONLY_ACTIVE_ARCH = YES;
				SDKROOT = iphoneos;
				SWIFT_ACTIVE_COMPILATION_CONDITIONS = DEBUG;
				SWIFT_OPTIMIZATION_LEVEL = "-Onone";
			};
			name = Development;
		};
		8D5FF9A41E99EE6B005B1D15 /* Development */ = {
			isa = XCBuildConfiguration;
			baseConfigurationReference = 79F6527FF3B978897CCDDC4A /* Pods-HomeCooked.development.xcconfig */;
			buildSettings = {
				ASSETCATALOG_COMPILER_APPICON_NAME = AppIcon;
				CODE_SIGN_ENTITLEMENTS = HomeCooked/HomeCooked.entitlements;
				CODE_SIGN_IDENTITY = "iPhone Developer";
				"CODE_SIGN_IDENTITY[sdk=iphoneos*]" = "iPhone Developer";
				DEVELOPMENT_TEAM = "";
				FRAMEWORK_SEARCH_PATHS = (
					"$(inherited)",
					"$(PROJECT_DIR)",
				);
				INFOPLIST_FILE = HomeCooked/Info.plist;
				LD_RUNPATH_SEARCH_PATHS = "$(inherited) @executable_path/Frameworks";
				PRODUCT_BUNDLE_IDENTIFIER = com.homecooking.HomeCooking;
				PRODUCT_NAME = "$(TARGET_NAME)";
				PROVISIONING_PROFILE = "";
				PROVISIONING_PROFILE_SPECIFIER = "";
				SWIFT_VERSION = 3.0;
			};
			name = Development;
		};
		8D84024E1DD4D0E7009BBA62 /* Debug */ = {
			isa = XCBuildConfiguration;
			buildSettings = {
				ALWAYS_SEARCH_USER_PATHS = NO;
				CLANG_ANALYZER_NONNULL = YES;
				CLANG_CXX_LANGUAGE_STANDARD = "gnu++0x";
				CLANG_CXX_LIBRARY = "libc++";
				CLANG_ENABLE_MODULES = YES;
				CLANG_ENABLE_OBJC_ARC = YES;
				CLANG_WARN_BOOL_CONVERSION = YES;
				CLANG_WARN_CONSTANT_CONVERSION = YES;
				CLANG_WARN_DIRECT_OBJC_ISA_USAGE = YES_ERROR;
				CLANG_WARN_DOCUMENTATION_COMMENTS = YES;
				CLANG_WARN_EMPTY_BODY = YES;
				CLANG_WARN_ENUM_CONVERSION = YES;
				CLANG_WARN_INFINITE_RECURSION = YES;
				CLANG_WARN_INT_CONVERSION = YES;
				CLANG_WARN_OBJC_ROOT_CLASS = YES_ERROR;
				CLANG_WARN_SUSPICIOUS_MOVES = YES;
				CLANG_WARN_UNREACHABLE_CODE = YES;
				CLANG_WARN__DUPLICATE_METHOD_MATCH = YES;
				"CODE_SIGN_IDENTITY[sdk=iphoneos*]" = "iPhone Developer";
				COPY_PHASE_STRIP = NO;
				DEBUG_INFORMATION_FORMAT = dwarf;
				ENABLE_STRICT_OBJC_MSGSEND = YES;
				ENABLE_TESTABILITY = YES;
				GCC_C_LANGUAGE_STANDARD = gnu99;
				GCC_DYNAMIC_NO_PIC = NO;
				GCC_NO_COMMON_BLOCKS = YES;
				GCC_OPTIMIZATION_LEVEL = 0;
				GCC_PREPROCESSOR_DEFINITIONS = (
					"DEBUG=1",
					"$(inherited)",
				);
				GCC_WARN_64_TO_32_BIT_CONVERSION = YES;
				GCC_WARN_ABOUT_RETURN_TYPE = YES_ERROR;
				GCC_WARN_UNDECLARED_SELECTOR = YES;
				GCC_WARN_UNINITIALIZED_AUTOS = YES_AGGRESSIVE;
				GCC_WARN_UNUSED_FUNCTION = YES;
				GCC_WARN_UNUSED_VARIABLE = YES;
				IPHONEOS_DEPLOYMENT_TARGET = 10.0;
				MTL_ENABLE_DEBUG_INFO = YES;
				ONLY_ACTIVE_ARCH = YES;
				SDKROOT = iphoneos;
				SWIFT_ACTIVE_COMPILATION_CONDITIONS = DEBUG;
				SWIFT_OPTIMIZATION_LEVEL = "-Onone";
			};
			name = Debug;
		};
		8D84024F1DD4D0E7009BBA62 /* Release */ = {
			isa = XCBuildConfiguration;
			buildSettings = {
				ALWAYS_SEARCH_USER_PATHS = NO;
				CLANG_ANALYZER_NONNULL = YES;
				CLANG_CXX_LANGUAGE_STANDARD = "gnu++0x";
				CLANG_CXX_LIBRARY = "libc++";
				CLANG_ENABLE_MODULES = YES;
				CLANG_ENABLE_OBJC_ARC = YES;
				CLANG_WARN_BOOL_CONVERSION = YES;
				CLANG_WARN_CONSTANT_CONVERSION = YES;
				CLANG_WARN_DIRECT_OBJC_ISA_USAGE = YES_ERROR;
				CLANG_WARN_DOCUMENTATION_COMMENTS = YES;
				CLANG_WARN_EMPTY_BODY = YES;
				CLANG_WARN_ENUM_CONVERSION = YES;
				CLANG_WARN_INFINITE_RECURSION = YES;
				CLANG_WARN_INT_CONVERSION = YES;
				CLANG_WARN_OBJC_ROOT_CLASS = YES_ERROR;
				CLANG_WARN_SUSPICIOUS_MOVES = YES;
				CLANG_WARN_UNREACHABLE_CODE = YES;
				CLANG_WARN__DUPLICATE_METHOD_MATCH = YES;
				"CODE_SIGN_IDENTITY[sdk=iphoneos*]" = "iPhone Developer";
				COPY_PHASE_STRIP = NO;
				DEBUG_INFORMATION_FORMAT = "dwarf-with-dsym";
				ENABLE_NS_ASSERTIONS = NO;
				ENABLE_STRICT_OBJC_MSGSEND = YES;
				GCC_C_LANGUAGE_STANDARD = gnu99;
				GCC_NO_COMMON_BLOCKS = YES;
				GCC_WARN_64_TO_32_BIT_CONVERSION = YES;
				GCC_WARN_ABOUT_RETURN_TYPE = YES_ERROR;
				GCC_WARN_UNDECLARED_SELECTOR = YES;
				GCC_WARN_UNINITIALIZED_AUTOS = YES_AGGRESSIVE;
				GCC_WARN_UNUSED_FUNCTION = YES;
				GCC_WARN_UNUSED_VARIABLE = YES;
				IPHONEOS_DEPLOYMENT_TARGET = 10.0;
				MTL_ENABLE_DEBUG_INFO = NO;
				SDKROOT = iphoneos;
				SWIFT_OPTIMIZATION_LEVEL = "-Owholemodule";
				VALIDATE_PRODUCT = YES;
			};
			name = Release;
		};
		8D8402511DD4D0E7009BBA62 /* Debug */ = {
			isa = XCBuildConfiguration;
			baseConfigurationReference = 95E333C537CB6A29D0B2B070 /* Pods-HomeCooked.debug.xcconfig */;
			buildSettings = {
				ASSETCATALOG_COMPILER_APPICON_NAME = AppIcon;
				CODE_SIGN_ENTITLEMENTS = HomeCooked/HomeCooked.entitlements;
				CODE_SIGN_IDENTITY = "iPhone Developer";
				"CODE_SIGN_IDENTITY[sdk=iphoneos*]" = "iPhone Developer";
				DEVELOPMENT_TEAM = "";
				FRAMEWORK_SEARCH_PATHS = (
					"$(inherited)",
					"$(PROJECT_DIR)",
				);
				INFOPLIST_FILE = HomeCooked/Info.plist;
				LD_RUNPATH_SEARCH_PATHS = "$(inherited) @executable_path/Frameworks";
				PRODUCT_BUNDLE_IDENTIFIER = com.homecooking.HomeCooking;
				PRODUCT_NAME = "$(TARGET_NAME)";
				PROVISIONING_PROFILE = "";
				PROVISIONING_PROFILE_SPECIFIER = "";
				SWIFT_VERSION = 3.0;
			};
			name = Debug;
		};
		8D8402521DD4D0E7009BBA62 /* Release */ = {
			isa = XCBuildConfiguration;
			baseConfigurationReference = 95FD5B2E1B908B785D762A65 /* Pods-HomeCooked.release.xcconfig */;
			buildSettings = {
				ASSETCATALOG_COMPILER_APPICON_NAME = AppIcon;
				CODE_SIGN_ENTITLEMENTS = HomeCooked/HomeCooked.entitlements;
				CODE_SIGN_IDENTITY = "iPhone Developer";
				"CODE_SIGN_IDENTITY[sdk=iphoneos*]" = "iPhone Developer";
				DEVELOPMENT_TEAM = "";
				FRAMEWORK_SEARCH_PATHS = (
					"$(inherited)",
					"$(PROJECT_DIR)",
				);
				INFOPLIST_FILE = HomeCooked/Info.plist;
				LD_RUNPATH_SEARCH_PATHS = "$(inherited) @executable_path/Frameworks";
				PRODUCT_BUNDLE_IDENTIFIER = com.homecooking.HomeCooking;
				PRODUCT_NAME = "$(TARGET_NAME)";
				PROVISIONING_PROFILE = "";
				PROVISIONING_PROFILE_SPECIFIER = "";
				SWIFT_VERSION = 3.0;
			};
			name = Release;
		};
		8DAA3B6E1E99FB3300E4AE8E /* Staging */ = {
			isa = XCBuildConfiguration;
			buildSettings = {
				ALWAYS_SEARCH_USER_PATHS = NO;
				CLANG_ANALYZER_NONNULL = YES;
				CLANG_CXX_LANGUAGE_STANDARD = "gnu++0x";
				CLANG_CXX_LIBRARY = "libc++";
				CLANG_ENABLE_MODULES = YES;
				CLANG_ENABLE_OBJC_ARC = YES;
				CLANG_WARN_BOOL_CONVERSION = YES;
				CLANG_WARN_CONSTANT_CONVERSION = YES;
				CLANG_WARN_DIRECT_OBJC_ISA_USAGE = YES_ERROR;
				CLANG_WARN_DOCUMENTATION_COMMENTS = YES;
				CLANG_WARN_EMPTY_BODY = YES;
				CLANG_WARN_ENUM_CONVERSION = YES;
				CLANG_WARN_INFINITE_RECURSION = YES;
				CLANG_WARN_INT_CONVERSION = YES;
				CLANG_WARN_OBJC_ROOT_CLASS = YES_ERROR;
				CLANG_WARN_SUSPICIOUS_MOVES = YES;
				CLANG_WARN_UNREACHABLE_CODE = YES;
				CLANG_WARN__DUPLICATE_METHOD_MATCH = YES;
				"CODE_SIGN_IDENTITY[sdk=iphoneos*]" = "iPhone Developer";
				COPY_PHASE_STRIP = NO;
				DEBUG_INFORMATION_FORMAT = dwarf;
				ENABLE_STRICT_OBJC_MSGSEND = YES;
				ENABLE_TESTABILITY = YES;
				GCC_C_LANGUAGE_STANDARD = gnu99;
				GCC_DYNAMIC_NO_PIC = NO;
				GCC_NO_COMMON_BLOCKS = YES;
				GCC_OPTIMIZATION_LEVEL = 0;
				GCC_PREPROCESSOR_DEFINITIONS = (
					"DEBUG=1",
					"$(inherited)",
				);
				GCC_WARN_64_TO_32_BIT_CONVERSION = YES;
				GCC_WARN_ABOUT_RETURN_TYPE = YES_ERROR;
				GCC_WARN_UNDECLARED_SELECTOR = YES;
				GCC_WARN_UNINITIALIZED_AUTOS = YES_AGGRESSIVE;
				GCC_WARN_UNUSED_FUNCTION = YES;
				GCC_WARN_UNUSED_VARIABLE = YES;
				IPHONEOS_DEPLOYMENT_TARGET = 10.0;
				MTL_ENABLE_DEBUG_INFO = YES;
				ONLY_ACTIVE_ARCH = YES;
				SDKROOT = iphoneos;
				SWIFT_ACTIVE_COMPILATION_CONDITIONS = DEBUG;
				SWIFT_OPTIMIZATION_LEVEL = "-Onone";
			};
			name = Staging;
		};
		8DAA3B6F1E99FB3300E4AE8E /* Staging */ = {
			isa = XCBuildConfiguration;
			baseConfigurationReference = E626CFACDA60222DBF842A1D /* Pods-HomeCooked.staging.xcconfig */;
			buildSettings = {
				ASSETCATALOG_COMPILER_APPICON_NAME = AppIcon;
				CODE_SIGN_ENTITLEMENTS = HomeCooked/HomeCooked.entitlements;
				CODE_SIGN_IDENTITY = "iPhone Developer";
				"CODE_SIGN_IDENTITY[sdk=iphoneos*]" = "iPhone Developer";
				DEVELOPMENT_TEAM = "";
				FRAMEWORK_SEARCH_PATHS = (
					"$(inherited)",
					"$(PROJECT_DIR)",
				);
				INFOPLIST_FILE = HomeCooked/Info.plist;
				LD_RUNPATH_SEARCH_PATHS = "$(inherited) @executable_path/Frameworks";
				PRODUCT_BUNDLE_IDENTIFIER = com.homecooking.HomeCooking;
				PRODUCT_NAME = "$(TARGET_NAME)";
				PROVISIONING_PROFILE = "";
				PROVISIONING_PROFILE_SPECIFIER = "";
				SWIFT_VERSION = 3.0;
			};
			name = Staging;
		};
/* End XCBuildConfiguration section */

/* Begin XCConfigurationList section */
		8D8402391DD4D0E7009BBA62 /* Build configuration list for PBXProject "HomeCooked" */ = {
			isa = XCConfigurationList;
			buildConfigurations = (
				8D84024E1DD4D0E7009BBA62 /* Debug */,
				8DAA3B6E1E99FB3300E4AE8E /* Staging */,
				8D5FF9A31E99EE6B005B1D15 /* Development */,
				8D84024F1DD4D0E7009BBA62 /* Release */,
			);
			defaultConfigurationIsVisible = 0;
			defaultConfigurationName = Debug;
		};
		8D8402501DD4D0E7009BBA62 /* Build configuration list for PBXNativeTarget "HomeCooked" */ = {
			isa = XCConfigurationList;
			buildConfigurations = (
				8D8402511DD4D0E7009BBA62 /* Debug */,
				8DAA3B6F1E99FB3300E4AE8E /* Staging */,
				8D5FF9A41E99EE6B005B1D15 /* Development */,
				8D8402521DD4D0E7009BBA62 /* Release */,
			);
			defaultConfigurationIsVisible = 0;
			defaultConfigurationName = Debug;
		};
/* End XCConfigurationList section */
	};
	rootObject = 8D8402361DD4D0E7009BBA62 /* Project object */;
}
